
Microsoft Visual Studio Solution File, Format Version 12.00
# Visual Studio Version 17
VisualStudioVersion = 17.1.32407.343
MinimumVisualStudioVersion = 10.0.40219.1
Project("{FAE04EC0-301F-11D3-BF4B-00C04F79EFBC}") = "TP4", "TP4.csproj", "{09C8ED54-FCE7-42F0-ABE2-8CA8EDFA507E}"
EndProject
Global
	GlobalSection(SolutionConfigurationPlatforms) = preSolution
		Debug|Any CPU = Debug|Any CPU
		Release|Any CPU = Release|Any CPU
	EndGlobalSection
	GlobalSection(ProjectConfigurationPlatforms) = postSolution
		{09C8ED54-FCE7-42F0-ABE2-8CA8EDFA507E}.Debug|Any CPU.ActiveCfg = Debug|Any CPU
		{09C8ED54-FCE7-42F0-ABE2-8CA8EDFA507E}.Debug|Any CPU.Build.0 = Debug|Any CPU
		{09C8ED54-FCE7-42F0-ABE2-8CA8EDFA507E}.Release|Any CPU.ActiveCfg = Release|Any CPU
		{09C8ED54-FCE7-42F0-ABE2-8CA8EDFA507E}.Release|Any CPU.Build.0 = Release|Any CPU
	EndGlobalSection
	GlobalSection(SolutionProperties) = preSolution
		HideSolutionNode = FALSE
	EndGlobalSection
	GlobalSection(ExtensibilityGlobals) = postSolution
		SolutionGuid = {74F58BD3-E522-4464-9B91-4F50BFA3560E}
	EndGlobalSection
EndGlobal
